
Microsoft Visual Studio Solution File, Format Version 12.00
# Visual Studio Version 17
VisualStudioVersion = 17.8.34330.188
MinimumVisualStudioVersion = 10.0.40219.1
Project("{8BC9CEB8-8B4A-11D0-8D11-00A0C91BC942}") = "ValidateBigJSON", "ValidateBigJSON\ValidateBigJSON.vcxproj", "{AD5D8FDA-8A91-4B92-AA6E-F90B92013E99}"
EndProject
Project("{8BC9CEB8-8B4A-11D0-8D11-00A0C91BC942}") = "Test_NLohmann_JSON", "Test_NLohmann_JSON\Test_NLohmann_JSON.vcxproj", "{DBA52185-2AAF-4493-AC5D-CEDED41DFCA8}"
EndProject
Global
	GlobalSection(SolutionConfigurationPlatforms) = preSolution
		Debug|x64 = Debug|x64
		Debug|x86 = Debug|x86
		Release|x64 = Release|x64
		Release|x86 = Release|x86
	EndGlobalSection
	GlobalSection(ProjectConfigurationPlatforms) = postSolution
		{AD5D8FDA-8A91-4B92-AA6E-F90B92013E99}.Debug|x64.ActiveCfg = Debug|x64
		{AD5D8FDA-8A91-4B92-AA6E-F90B92013E99}.Debug|x64.Build.0 = Debug|x64
		{AD5D8FDA-8A91-4B92-AA6E-F90B92013E99}.Debug|x86.ActiveCfg = Debug|Win32
		{AD5D8FDA-8A91-4B92-AA6E-F90B92013E99}.Debug|x86.Build.0 = Debug|Win32
		{AD5D8FDA-8A91-4B92-AA6E-F90B92013E99}.Release|x64.ActiveCfg = Release|x64
		{AD5D8FDA-8A91-4B92-AA6E-F90B92013E99}.Release|x64.Build.0 = Release|x64
		{AD5D8FDA-8A91-4B92-AA6E-F90B92013E99}.Release|x86.ActiveCfg = Release|Win32
		{AD5D8FDA-8A91-4B92-AA6E-F90B92013E99}.Release|x86.Build.0 = Release|Win32
		{DBA52185-2AAF-4493-AC5D-CEDED41DFCA8}.Debug|x64.ActiveCfg = Debug|x64
		{DBA52185-2AAF-4493-AC5D-CEDED41DFCA8}.Debug|x64.Build.0 = Debug|x64
		{DBA52185-2AAF-4493-AC5D-CEDED41DFCA8}.Debug|x86.ActiveCfg = Debug|Win32
		{DBA52185-2AAF-4493-AC5D-CEDED41DFCA8}.Debug|x86.Build.0 = Debug|Win32
		{DBA52185-2AAF-4493-AC5D-CEDED41DFCA8}.Release|x64.ActiveCfg = Release|x64
		{DBA52185-2AAF-4493-AC5D-CEDED41DFCA8}.Release|x64.Build.0 = Release|x64
		{DBA52185-2AAF-4493-AC5D-CEDED41DFCA8}.Release|x86.ActiveCfg = Release|Win32
		{DBA52185-2AAF-4493-AC5D-CEDED41DFCA8}.Release|x86.Build.0 = Release|Win32
	EndGlobalSection
	GlobalSection(SolutionProperties) = preSolution
		HideSolutionNode = FALSE
	EndGlobalSection
	GlobalSection(ExtensibilityGlobals) = postSolution
		SolutionGuid = {8C89426A-9AC1-4701-9A7D-C6FB651AE60A}
	EndGlobalSection
EndGlobal
